
Microsoft Visual Studio Solution File, Format Version 12.00
# Visual Studio Version 16
VisualStudioVersion = 16.0.30011.22
MinimumVisualStudioVersion = 10.0.40219.1
Project("{FAE04EC0-301F-11D3-BF4B-00C04F79EFBC}") = "Pra.OefeningKlassenFields.WPF", "Pra.OefeningKlassenFields.WPF\Pra.OefeningKlassenFields.WPF.csproj", "{C5C68B92-12FD-4480-A79E-C6C55E0BAA55}"
EndProject
Global
	GlobalSection(SolutionConfigurationPlatforms) = preSolution
		Debug|Any CPU = Debug|Any CPU
		Release|Any CPU = Release|Any CPU
	EndGlobalSection
	GlobalSection(ProjectConfigurationPlatforms) = postSolution
		{C5C68B92-12FD-4480-A79E-C6C55E0BAA55}.Debug|Any CPU.ActiveCfg = Debug|Any CPU
		{C5C68B92-12FD-4480-A79E-C6C55E0BAA55}.Debug|Any CPU.Build.0 = Debug|Any CPU
		{C5C68B92-12FD-4480-A79E-C6C55E0BAA55}.Release|Any CPU.ActiveCfg = Release|Any CPU
		{C5C68B92-12FD-4480-A79E-C6C55E0BAA55}.Release|Any CPU.Build.0 = Release|Any CPU
	EndGlobalSection
	GlobalSection(SolutionProperties) = preSolution
		HideSolutionNode = FALSE
	EndGlobalSection
	GlobalSection(ExtensibilityGlobals) = postSolution
		SolutionGuid = {B1834B08-A2C6-4848-8E77-256083972BBE}
	EndGlobalSection
EndGlobal
